
Microsoft Visual Studio Solution File, Format Version 12.00
# Visual Studio 2012
Project("{FAE04EC0-301F-11D3-BF4B-00C04F79EFBC}") = "MyAddin1", "MyAddin1\MyAddin1.csproj", "{3B0F5770-A599-4108-B1F8-9DEC14C944B0}"
EndProject
Project("{930C7802-8A8C-48F9-8165-68863BCCD9DD}") = "MyAddin1Setup", "MyAddin1\MyAddin1Setup\1.0.0\MyAddin1Setup.wixproj", "{6821FE6D-3B5B-4E35-88A1-F2CE7EC4537F}"
EndProject
Global
	GlobalSection(SolutionConfigurationPlatforms) = preSolution
		Debug|Any CPU = Debug|Any CPU
		Debug|Mixed Platforms = Debug|Mixed Platforms
		Debug|x86 = Debug|x86
		Release|Any CPU = Release|Any CPU
		Release|Mixed Platforms = Release|Mixed Platforms
		Release|x86 = Release|x86
	EndGlobalSection
	GlobalSection(ProjectConfigurationPlatforms) = postSolution
		{3B0F5770-A599-4108-B1F8-9DEC14C944B0}.Debug|Any CPU.ActiveCfg = Debug|Any CPU
		{3B0F5770-A599-4108-B1F8-9DEC14C944B0}.Debug|Any CPU.Build.0 = Debug|Any CPU
		{3B0F5770-A599-4108-B1F8-9DEC14C944B0}.Debug|Mixed Platforms.ActiveCfg = Debug|Any CPU
		{3B0F5770-A599-4108-B1F8-9DEC14C944B0}.Debug|Mixed Platforms.Build.0 = Debug|Any CPU
		{3B0F5770-A599-4108-B1F8-9DEC14C944B0}.Debug|x86.ActiveCfg = Debug|Any CPU
		{3B0F5770-A599-4108-B1F8-9DEC14C944B0}.Release|Any CPU.ActiveCfg = Release|Any CPU
		{3B0F5770-A599-4108-B1F8-9DEC14C944B0}.Release|Any CPU.Build.0 = Release|Any CPU
		{3B0F5770-A599-4108-B1F8-9DEC14C944B0}.Release|Mixed Platforms.ActiveCfg = Release|Any CPU
		{3B0F5770-A599-4108-B1F8-9DEC14C944B0}.Release|Mixed Platforms.Build.0 = Release|Any CPU
		{3B0F5770-A599-4108-B1F8-9DEC14C944B0}.Release|x86.ActiveCfg = Release|Any CPU
		{6821FE6D-3B5B-4E35-88A1-F2CE7EC4537F}.Debug|Any CPU.ActiveCfg = Debug|x86
		{6821FE6D-3B5B-4E35-88A1-F2CE7EC4537F}.Debug|Mixed Platforms.ActiveCfg = Debug|x86
		{6821FE6D-3B5B-4E35-88A1-F2CE7EC4537F}.Debug|Mixed Platforms.Build.0 = Debug|x86
		{6821FE6D-3B5B-4E35-88A1-F2CE7EC4537F}.Debug|x86.ActiveCfg = Debug|x86
		{6821FE6D-3B5B-4E35-88A1-F2CE7EC4537F}.Debug|x86.Build.0 = Debug|x86
		{6821FE6D-3B5B-4E35-88A1-F2CE7EC4537F}.Release|Any CPU.ActiveCfg = Release|x86
		{6821FE6D-3B5B-4E35-88A1-F2CE7EC4537F}.Release|Mixed Platforms.ActiveCfg = Release|x86
		{6821FE6D-3B5B-4E35-88A1-F2CE7EC4537F}.Release|Mixed Platforms.Build.0 = Release|x86
		{6821FE6D-3B5B-4E35-88A1-F2CE7EC4537F}.Release|x86.ActiveCfg = Release|x86
		{6821FE6D-3B5B-4E35-88A1-F2CE7EC4537F}.Release|x86.Build.0 = Release|x86
	EndGlobalSection
	GlobalSection(SolutionProperties) = preSolution
		HideSolutionNode = FALSE
	EndGlobalSection
EndGlobal
